
Microsoft Visual Studio Solution File, Format Version 12.00
# Visual Studio Version 17
VisualStudioVersion = 17.8.34601.278
MinimumVisualStudioVersion = 10.0.40219.1
Project("{FAE04EC0-301F-11D3-BF4B-00C04F79EFBC}") = "Demo1", "Demo1\Demo1.csproj", "{EAB59C7B-4B1E-4F98-AAC3-F98B9C9E4588}"
EndProject
Global
	GlobalSection(SolutionConfigurationPlatforms) = preSolution
		Debug|Any CPU = Debug|Any CPU
		Release|Any CPU = Release|Any CPU
	EndGlobalSection
	GlobalSection(ProjectConfigurationPlatforms) = postSolution
		{EAB59C7B-4B1E-4F98-AAC3-F98B9C9E4588}.Debug|Any CPU.ActiveCfg = Debug|Any CPU
		{EAB59C7B-4B1E-4F98-AAC3-F98B9C9E4588}.Debug|Any CPU.Build.0 = Debug|Any CPU
		{EAB59C7B-4B1E-4F98-AAC3-F98B9C9E4588}.Release|Any CPU.ActiveCfg = Release|Any CPU
		{EAB59C7B-4B1E-4F98-AAC3-F98B9C9E4588}.Release|Any CPU.Build.0 = Release|Any CPU
	EndGlobalSection
	GlobalSection(SolutionProperties) = preSolution
		HideSolutionNode = FALSE
	EndGlobalSection
	GlobalSection(ExtensibilityGlobals) = postSolution
		SolutionGuid = {47C5C648-2F5E-4E86-AD80-38EAE80E9129}
	EndGlobalSection
EndGlobal
